
Microsoft Visual Studio Solution File, Format Version 12.00
# Visual Studio Version 16
VisualStudioVersion = 16.0.32106.194
MinimumVisualStudioVersion = 10.0.40219.1
Project("{FAE04EC0-301F-11D3-BF4B-00C04F79EFBC}") = "Practica de laboratorio 2", "Practica de laboratorio 2\Practica de laboratorio 2.csproj", "{6B69FD95-5AAC-417E-B5D3-C6BA68800D37}"
EndProject
Project("{FAE04EC0-301F-11D3-BF4B-00C04F79EFBC}") = "App2", "App2\App2.csproj", "{FF8BF815-D201-40F3-B8EF-444C419EB441}"
EndProject
Project("{FAE04EC0-301F-11D3-BF4B-00C04F79EFBC}") = "App3", "App3\App3.csproj", "{83EF7522-6669-4B56-A68B-0001CD4BE4F8}"
EndProject
Global
	GlobalSection(SolutionConfigurationPlatforms) = preSolution
		Debug|Any CPU = Debug|Any CPU
		Release|Any CPU = Release|Any CPU
	EndGlobalSection
	GlobalSection(ProjectConfigurationPlatforms) = postSolution
		{6B69FD95-5AAC-417E-B5D3-C6BA68800D37}.Debug|Any CPU.ActiveCfg = Debug|Any CPU
		{6B69FD95-5AAC-417E-B5D3-C6BA68800D37}.Debug|Any CPU.Build.0 = Debug|Any CPU
		{6B69FD95-5AAC-417E-B5D3-C6BA68800D37}.Release|Any CPU.ActiveCfg = Release|Any CPU
		{6B69FD95-5AAC-417E-B5D3-C6BA68800D37}.Release|Any CPU.Build.0 = Release|Any CPU
		{FF8BF815-D201-40F3-B8EF-444C419EB441}.Debug|Any CPU.ActiveCfg = Debug|Any CPU
		{FF8BF815-D201-40F3-B8EF-444C419EB441}.Debug|Any CPU.Build.0 = Debug|Any CPU
		{FF8BF815-D201-40F3-B8EF-444C419EB441}.Release|Any CPU.ActiveCfg = Release|Any CPU
		{FF8BF815-D201-40F3-B8EF-444C419EB441}.Release|Any CPU.Build.0 = Release|Any CPU
		{83EF7522-6669-4B56-A68B-0001CD4BE4F8}.Debug|Any CPU.ActiveCfg = Debug|Any CPU
		{83EF7522-6669-4B56-A68B-0001CD4BE4F8}.Debug|Any CPU.Build.0 = Debug|Any CPU
		{83EF7522-6669-4B56-A68B-0001CD4BE4F8}.Release|Any CPU.ActiveCfg = Release|Any CPU
		{83EF7522-6669-4B56-A68B-0001CD4BE4F8}.Release|Any CPU.Build.0 = Release|Any CPU
	EndGlobalSection
	GlobalSection(SolutionProperties) = preSolution
		HideSolutionNode = FALSE
	EndGlobalSection
	GlobalSection(ExtensibilityGlobals) = postSolution
		SolutionGuid = {A6F75E3F-13E3-4FA5-AB29-323830DB14DA}
	EndGlobalSection
EndGlobal
